
Microsoft Visual Studio Solution File, Format Version 12.00
# Visual Studio Version 17
VisualStudioVersion = 17.0.32112.339
MinimumVisualStudioVersion = 10.0.40219.1
Project("{2150E333-8FDC-42A3-9474-1A3956D46DE8}") = "Core", "Core", "{B176079C-38FA-47DC-AF3C-2506F606BF39}"
EndProject
Project("{2150E333-8FDC-42A3-9474-1A3956D46DE8}") = "Data", "Data", "{55885551-121A-4318-A8C6-29ACF01B38F6}"
EndProject
Project("{2150E333-8FDC-42A3-9474-1A3956D46DE8}") = "Services", "Services", "{2E0FAF0D-8F15-41CF-9A0C-B0194A4B9D01}"
EndProject
Project("{2150E333-8FDC-42A3-9474-1A3956D46DE8}") = "Web", "Web", "{6812A77C-0720-445B-BEF9-9FD52CA3547B}"
EndProject
Project("{2150E333-8FDC-42A3-9474-1A3956D46DE8}") = "Api", "Api", "{05BF1AEA-8BC3-41D2-98D6-97B02EB6E5C1}"
EndProject
Project("{9A19103F-16F7-4668-BE54-9A1E7A4F7556}") = "Behesht.Core", "Core\Behesht.Core\Behesht.Core.csproj", "{1323FB6E-945F-4B45-9F10-29E0C97C7CE3}"
EndProject
Project("{9A19103F-16F7-4668-BE54-9A1E7A4F7556}") = "Behesht.Data", "Data\Behesht.Data\Behesht.Data.csproj", "{5F50F42E-C9E2-45CD-8526-B062536912D5}"
EndProject
Project("{9A19103F-16F7-4668-BE54-9A1E7A4F7556}") = "Behesht.Services", "Services\Behesht.Services\Behesht.Services.csproj", "{7C71A342-23CA-4D2D-8D90-845BE2AB98A4}"
EndProject
Project("{9A19103F-16F7-4668-BE54-9A1E7A4F7556}") = "Behesht.Web.Framework", "Web\Behesht.Web.Framework\Behesht.Web.Framework.csproj", "{69FFA832-3281-4E1A-A8ED-58FE8330F03A}"
EndProject
Project("{2150E333-8FDC-42A3-9474-1A3956D46DE8}") = "Domain", "Domain", "{D22DA1FD-D27C-41DF-9A13-25DE10694CBF}"
EndProject
Project("{9A19103F-16F7-4668-BE54-9A1E7A4F7556}") = "Behesht.Domain.CatalogSample", "Domain\Behesht.Domain.CatalogSample\Behesht.Domain.CatalogSample.csproj", "{7060DE0B-3072-4EF9-BA21-D10A20A7C85B}"
EndProject
Project("{9A19103F-16F7-4668-BE54-9A1E7A4F7556}") = "Behesht.Services.CatalogSample", "Services\Behesht.Services.CatalogSample\Behesht.Services.CatalogSample.csproj", "{4BF38D08-7144-4A90-A9ED-F1DBAD256D72}"
EndProject
Project("{9A19103F-16F7-4668-BE54-9A1E7A4F7556}") = "Behesht.Web.Api.CatalogSample", "Web\Api\Behesht.Web.Api.CatalogSample\Behesht.Web.Api.CatalogSample.csproj", "{392118E6-0A28-4F4C-91CB-5E34D9D8A40C}"
EndProject
Project("{9A19103F-16F7-4668-BE54-9A1E7A4F7556}") = "Behesht.Core.Caching", "Core\Behesht.Core.Caching\Behesht.Core.Caching.csproj", "{B63D3686-6581-445D-A75E-44C1AE4332CB}"
EndProject
Project("{9A19103F-16F7-4668-BE54-9A1E7A4F7556}") = "Behesht.Data.CatalogSample", "Data\Behesht.Data.CatalogSample\Behesht.Data.CatalogSample.csproj", "{B15C089C-F584-44D4-9123-91A4B1E47257}"
EndProject
Project("{9A19103F-16F7-4668-BE54-9A1E7A4F7556}") = "Behesht.Core.Logger", "Core\Behesht.Core.Logger\Behesht.Core.Logger.csproj", "{42D6F8F7-2F9D-453C-BFEC-9CFAB74F2FE4}"
EndProject
Project("{2150E333-8FDC-42A3-9474-1A3956D46DE8}") = "Tests", "Tests", "{42022A49-5CA8-44F8-ADFF-6F48BD468231}"
EndProject
Project("{FAE04EC0-301F-11D3-BF4B-00C04F79EFBC}") = "Behesht.Tests.CatalogSample", "Tests\Behesht.Tests.CatalogSample\Behesht.Tests.CatalogSample.csproj", "{84B78EBB-1F37-4B3A-8C16-5D52DB72B7ED}"
EndProject
Global
	GlobalSection(SolutionConfigurationPlatforms) = preSolution
		Debug|Any CPU = Debug|Any CPU
		Release|Any CPU = Release|Any CPU
	EndGlobalSection
	GlobalSection(ProjectConfigurationPlatforms) = postSolution
		{1323FB6E-945F-4B45-9F10-29E0C97C7CE3}.Debug|Any CPU.ActiveCfg = Debug|Any CPU
		{1323FB6E-945F-4B45-9F10-29E0C97C7CE3}.Debug|Any CPU.Build.0 = Debug|Any CPU
		{1323FB6E-945F-4B45-9F10-29E0C97C7CE3}.Release|Any CPU.ActiveCfg = Release|Any CPU
		{1323FB6E-945F-4B45-9F10-29E0C97C7CE3}.Release|Any CPU.Build.0 = Release|Any CPU
		{5F50F42E-C9E2-45CD-8526-B062536912D5}.Debug|Any CPU.ActiveCfg = Debug|Any CPU
		{5F50F42E-C9E2-45CD-8526-B062536912D5}.Debug|Any CPU.Build.0 = Debug|Any CPU
		{5F50F42E-C9E2-45CD-8526-B062536912D5}.Release|Any CPU.ActiveCfg = Release|Any CPU
		{5F50F42E-C9E2-45CD-8526-B062536912D5}.Release|Any CPU.Build.0 = Release|Any CPU
		{7C71A342-23CA-4D2D-8D90-845BE2AB98A4}.Debug|Any CPU.ActiveCfg = Debug|Any CPU
		{7C71A342-23CA-4D2D-8D90-845BE2AB98A4}.Debug|Any CPU.Build.0 = Debug|Any CPU
		{7C71A342-23CA-4D2D-8D90-845BE2AB98A4}.Release|Any CPU.ActiveCfg = Release|Any CPU
		{7C71A342-23CA-4D2D-8D90-845BE2AB98A4}.Release|Any CPU.Build.0 = Release|Any CPU
		{69FFA832-3281-4E1A-A8ED-58FE8330F03A}.Debug|Any CPU.ActiveCfg = Debug|Any CPU
		{69FFA832-3281-4E1A-A8ED-58FE8330F03A}.Debug|Any CPU.Build.0 = Debug|Any CPU
		{69FFA832-3281-4E1A-A8ED-58FE8330F03A}.Release|Any CPU.ActiveCfg = Release|Any CPU
		{69FFA832-3281-4E1A-A8ED-58FE8330F03A}.Release|Any CPU.Build.0 = Release|Any CPU
		{7060DE0B-3072-4EF9-BA21-D10A20A7C85B}.Debug|Any CPU.ActiveCfg = Debug|Any CPU
		{7060DE0B-3072-4EF9-BA21-D10A20A7C85B}.Debug|Any CPU.Build.0 = Debug|Any CPU
		{7060DE0B-3072-4EF9-BA21-D10A20A7C85B}.Release|Any CPU.ActiveCfg = Release|Any CPU
		{7060DE0B-3072-4EF9-BA21-D10A20A7C85B}.Release|Any CPU.Build.0 = Release|Any CPU
		{4BF38D08-7144-4A90-A9ED-F1DBAD256D72}.Debug|Any CPU.ActiveCfg = Debug|Any CPU
		{4BF38D08-7144-4A90-A9ED-F1DBAD256D72}.Debug|Any CPU.Build.0 = Debug|Any CPU
		{4BF38D08-7144-4A90-A9ED-F1DBAD256D72}.Release|Any CPU.ActiveCfg = Release|Any CPU
		{4BF38D08-7144-4A90-A9ED-F1DBAD256D72}.Release|Any CPU.Build.0 = Release|Any CPU
		{392118E6-0A28-4F4C-91CB-5E34D9D8A40C}.Debug|Any CPU.ActiveCfg = Debug|Any CPU
		{392118E6-0A28-4F4C-91CB-5E34D9D8A40C}.Debug|Any CPU.Build.0 = Debug|Any CPU
		{392118E6-0A28-4F4C-91CB-5E34D9D8A40C}.Release|Any CPU.ActiveCfg = Release|Any CPU
		{392118E6-0A28-4F4C-91CB-5E34D9D8A40C}.Release|Any CPU.Build.0 = Release|Any CPU
		{B63D3686-6581-445D-A75E-44C1AE4332CB}.Debug|Any CPU.ActiveCfg = Debug|Any CPU
		{B63D3686-6581-445D-A75E-44C1AE4332CB}.Debug|Any CPU.Build.0 = Debug|Any CPU
		{B63D3686-6581-445D-A75E-44C1AE4332CB}.Release|Any CPU.ActiveCfg = Release|Any CPU
		{B63D3686-6581-445D-A75E-44C1AE4332CB}.Release|Any CPU.Build.0 = Release|Any CPU
		{B15C089C-F584-44D4-9123-91A4B1E47257}.Debug|Any CPU.ActiveCfg = Debug|Any CPU
		{B15C089C-F584-44D4-9123-91A4B1E47257}.Debug|Any CPU.Build.0 = Debug|Any CPU
		{B15C089C-F584-44D4-9123-91A4B1E47257}.Release|Any CPU.ActiveCfg = Release|Any CPU
		{B15C089C-F584-44D4-9123-91A4B1E47257}.Release|Any CPU.Build.0 = Release|Any CPU
		{42D6F8F7-2F9D-453C-BFEC-9CFAB74F2FE4}.Debug|Any CPU.ActiveCfg = Debug|Any CPU
		{42D6F8F7-2F9D-453C-BFEC-9CFAB74F2FE4}.Debug|Any CPU.Build.0 = Debug|Any CPU
		{42D6F8F7-2F9D-453C-BFEC-9CFAB74F2FE4}.Release|Any CPU.ActiveCfg = Release|Any CPU
		{42D6F8F7-2F9D-453C-BFEC-9CFAB74F2FE4}.Release|Any CPU.Build.0 = Release|Any CPU
		{84B78EBB-1F37-4B3A-8C16-5D52DB72B7ED}.Debug|Any CPU.ActiveCfg = Debug|Any CPU
		{84B78EBB-1F37-4B3A-8C16-5D52DB72B7ED}.Debug|Any CPU.Build.0 = Debug|Any CPU
		{84B78EBB-1F37-4B3A-8C16-5D52DB72B7ED}.Release|Any CPU.ActiveCfg = Release|Any CPU
		{84B78EBB-1F37-4B3A-8C16-5D52DB72B7ED}.Release|Any CPU.Build.0 = Release|Any CPU
	EndGlobalSection
	GlobalSection(SolutionProperties) = preSolution
		HideSolutionNode = FALSE
	EndGlobalSection
	GlobalSection(NestedProjects) = preSolution
		{05BF1AEA-8BC3-41D2-98D6-97B02EB6E5C1} = {6812A77C-0720-445B-BEF9-9FD52CA3547B}
		{1323FB6E-945F-4B45-9F10-29E0C97C7CE3} = {B176079C-38FA-47DC-AF3C-2506F606BF39}
		{5F50F42E-C9E2-45CD-8526-B062536912D5} = {55885551-121A-4318-A8C6-29ACF01B38F6}
		{7C71A342-23CA-4D2D-8D90-845BE2AB98A4} = {2E0FAF0D-8F15-41CF-9A0C-B0194A4B9D01}
		{69FFA832-3281-4E1A-A8ED-58FE8330F03A} = {6812A77C-0720-445B-BEF9-9FD52CA3547B}
		{7060DE0B-3072-4EF9-BA21-D10A20A7C85B} = {D22DA1FD-D27C-41DF-9A13-25DE10694CBF}
		{4BF38D08-7144-4A90-A9ED-F1DBAD256D72} = {2E0FAF0D-8F15-41CF-9A0C-B0194A4B9D01}
		{392118E6-0A28-4F4C-91CB-5E34D9D8A40C} = {05BF1AEA-8BC3-41D2-98D6-97B02EB6E5C1}
		{B63D3686-6581-445D-A75E-44C1AE4332CB} = {B176079C-38FA-47DC-AF3C-2506F606BF39}
		{B15C089C-F584-44D4-9123-91A4B1E47257} = {55885551-121A-4318-A8C6-29ACF01B38F6}
		{42D6F8F7-2F9D-453C-BFEC-9CFAB74F2FE4} = {B176079C-38FA-47DC-AF3C-2506F606BF39}
		{84B78EBB-1F37-4B3A-8C16-5D52DB72B7ED} = {42022A49-5CA8-44F8-ADFF-6F48BD468231}
	EndGlobalSection
	GlobalSection(ExtensibilityGlobals) = postSolution
		SolutionGuid = {D351E925-3AE9-4E32-A5D8-705E67C6B0D5}
	EndGlobalSection
EndGlobal
